// !$*UTF8*$!
{
	archiveVersion = 1;
	classes = {
	};
	objectVersion = 56;
	objects = {

/* Begin PBXBuildFile section */
		DF7DDE522C849D9F00D53A4B /* AppDelegate.swift in Sources */ = {isa = PBXBuildFile; fileRef = DF7DDE512C849D9F00D53A4B /* AppDelegate.swift */; };
		DF7DDE542C849D9F00D53A4B /* SceneDelegate.swift in Sources */ = {isa = PBXBuildFile; fileRef = DF7DDE532C849D9F00D53A4B /* SceneDelegate.swift */; };
		DF7DDE562C849D9F00D53A4B /* ViewController.swift in Sources */ = {isa = PBXBuildFile; fileRef = DF7DDE552C849D9F00D53A4B /* ViewController.swift */; };
		DF7DDE592C849D9F00D53A4B /* Main.storyboard in Resources */ = {isa = PBXBuildFile; fileRef = DF7DDE572C849D9F00D53A4B /* Main.storyboard */; };
		DF7DDE5C2C849D9F00D53A4B /* DesafioTecnicoIOS.xcdatamodeld in Sources */ = {isa = PBXBuildFile; fileRef = DF7DDE5A2C849D9F00D53A4B /* DesafioTecnicoIOS.xcdatamodeld */; };
		DF7DDE5E2C849DA100D53A4B /* Assets.xcassets in Resources */ = {isa = PBXBuildFile; fileRef = DF7DDE5D2C849DA100D53A4B /* Assets.xcassets */; };
		DF7DDE612C849DA100D53A4B /* LaunchScreen.storyboard in Resources */ = {isa = PBXBuildFile; fileRef = DF7DDE5F2C849DA100D53A4B /* LaunchScreen.storyboard */; };
		DF7DDE6A2C849F6A00D53A4B /* TabBarController.swift in Sources */ = {isa = PBXBuildFile; fileRef = DF7DDE692C849F6900D53A4B /* TabBarController.swift */; };
		DF7DDE852C84A3B200D53A4B /* CartViewController.swift in Sources */ = {isa = PBXBuildFile; fileRef = DF7DDE802C84A3B200D53A4B /* CartViewController.swift */; };
		DF7DDE862C84A3B200D53A4B /* CartWorker.swift in Sources */ = {isa = PBXBuildFile; fileRef = DF7DDE812C84A3B200D53A4B /* CartWorker.swift */; };
		DF7DDE872C84A3B200D53A4B /* CartPresenter.swift in Sources */ = {isa = PBXBuildFile; fileRef = DF7DDE822C84A3B200D53A4B /* CartPresenter.swift */; };
		DF7DDE882C84A3B200D53A4B /* CartInteractor.swift in Sources */ = {isa = PBXBuildFile; fileRef = DF7DDE832C84A3B200D53A4B /* CartInteractor.swift */; };
		DF7DDE892C84A3B200D53A4B /* CartView.swift in Sources */ = {isa = PBXBuildFile; fileRef = DF7DDE842C84A3B200D53A4B /* CartView.swift */; };
		DF7DDE8F2C84AA4000D53A4B /* NavigationBar.swift in Sources */ = {isa = PBXBuildFile; fileRef = DF7DDE8E2C84AA4000D53A4B /* NavigationBar.swift */; };
		DFD01C522C84B1790058E73C /* ProductDetailPageInteractor.swift in Sources */ = {isa = PBXBuildFile; fileRef = DFD01C362C84B1790058E73C /* ProductDetailPageInteractor.swift */; };
		DFD01C532C84B1790058E73C /* ProductDetailPagePresenter.swift in Sources */ = {isa = PBXBuildFile; fileRef = DFD01C372C84B1790058E73C /* ProductDetailPagePresenter.swift */; };
		DFD01C542C84B1790058E73C /* RatingStarsView.swift in Sources */ = {isa = PBXBuildFile; fileRef = DFD01C392C84B1790058E73C /* RatingStarsView.swift */; };
		DFD01C552C84B1790058E73C /* ProductDetailDescriptionView.swift in Sources */ = {isa = PBXBuildFile; fileRef = DFD01C3A2C84B1790058E73C /* ProductDetailDescriptionView.swift */; };
		DFD01C562C84B1790058E73C /* ProductDetailPageViewController.swift in Sources */ = {isa = PBXBuildFile; fileRef = DFD01C3B2C84B1790058E73C /* ProductDetailPageViewController.swift */; };
		DFD01C572C84B1790058E73C /* ProductDetailPageView.swift in Sources */ = {isa = PBXBuildFile; fileRef = DFD01C3C2C84B1790058E73C /* ProductDetailPageView.swift */; };
		DFD01C582C84B1790058E73C /* ProductDetailPageWorker.swift in Sources */ = {isa = PBXBuildFile; fileRef = DFD01C3D2C84B1790058E73C /* ProductDetailPageWorker.swift */; };
		DFD01C592C84B1790058E73C /* CurrencyHelper.swift in Sources */ = {isa = PBXBuildFile; fileRef = DFD01C3F2C84B1790058E73C /* CurrencyHelper.swift */; };
		DFD01C5A2C84B1790058E73C /* UIImageView + Extensions.swift in Sources */ = {isa = PBXBuildFile; fileRef = DFD01C412C84B1790058E73C /* UIImageView + Extensions.swift */; };
		DFD01C5B2C84B1790058E73C /* UIView + Extensions.swift in Sources */ = {isa = PBXBuildFile; fileRef = DFD01C422C84B1790058E73C /* UIView + Extensions.swift */; };
		DFD01C5C2C84B1790058E73C /* UIBuilder.swift in Sources */ = {isa = PBXBuildFile; fileRef = DFD01C432C84B1790058E73C /* UIBuilder.swift */; };
		DFD01C5D2C84B1790058E73C /* CategoryCell.swift in Sources */ = {isa = PBXBuildFile; fileRef = DFD01C462C84B1790058E73C /* CategoryCell.swift */; };
		DFD01C5E2C84B1790058E73C /* CategoriesView.swift in Sources */ = {isa = PBXBuildFile; fileRef = DFD01C472C84B1790058E73C /* CategoriesView.swift */; };
		DFD01C5F2C84B1790058E73C /* CategoriesWorker.swift in Sources */ = {isa = PBXBuildFile; fileRef = DFD01C482C84B1790058E73C /* CategoriesWorker.swift */; };
		DFD01C602C84B1790058E73C /* CategoriesViewController.swift in Sources */ = {isa = PBXBuildFile; fileRef = DFD01C492C84B1790058E73C /* CategoriesViewController.swift */; };
		DFD01C612C84B1790058E73C /* CategoryItemModel.swift in Sources */ = {isa = PBXBuildFile; fileRef = DFD01C4B2C84B1790058E73C /* CategoryItemModel.swift */; };
		DFD01C622C84B1790058E73C /* CategoriesPresenter.swift in Sources */ = {isa = PBXBuildFile; fileRef = DFD01C4C2C84B1790058E73C /* CategoriesPresenter.swift */; };
		DFD01C632C84B1790058E73C /* CategoriesInteractor.swift in Sources */ = {isa = PBXBuildFile; fileRef = DFD01C4D2C84B1790058E73C /* CategoriesInteractor.swift */; };
		DFD01C642C84B1790058E73C /* FakeStoreApiClient.swift in Sources */ = {isa = PBXBuildFile; fileRef = DFD01C4F2C84B1790058E73C /* FakeStoreApiClient.swift */; };
		DFD01C652C84B1790058E73C /* ProductResponse.swift in Sources */ = {isa = PBXBuildFile; fileRef = DFD01C512C84B1790058E73C /* ProductResponse.swift */; };
		DFD01C762C84B1DA0058E73C /* LandingPagePresenter.swift in Sources */ = {isa = PBXBuildFile; fileRef = DFD01C672C84B1DA0058E73C /* LandingPagePresenter.swift */; };
		DFD01C772C84B1DA0058E73C /* LandingPageItemCell.swift in Sources */ = {isa = PBXBuildFile; fileRef = DFD01C692C84B1DA0058E73C /* LandingPageItemCell.swift */; };
		DFD01C782C84B1DA0058E73C /* LandingPageHighlightCell.swift in Sources */ = {isa = PBXBuildFile; fileRef = DFD01C6A2C84B1DA0058E73C /* LandingPageHighlightCell.swift */; };
		DFD01C792C84B1DA0058E73C /* LandingPageCellProtocol.swift in Sources */ = {isa = PBXBuildFile; fileRef = DFD01C6B2C84B1DA0058E73C /* LandingPageCellProtocol.swift */; };
		DFD01C7A2C84B1DA0058E73C /* LandingPageInteractor.swift in Sources */ = {isa = PBXBuildFile; fileRef = DFD01C6C2C84B1DA0058E73C /* LandingPageInteractor.swift */; };
		DFD01C7B2C84B1DA0058E73C /* LandingPageWorker.swift in Sources */ = {isa = PBXBuildFile; fileRef = DFD01C6D2C84B1DA0058E73C /* LandingPageWorker.swift */; };
		DFD01C7C2C84B1DA0058E73C /* LandingPageView.swift in Sources */ = {isa = PBXBuildFile; fileRef = DFD01C6E2C84B1DA0058E73C /* LandingPageView.swift */; };
		DFD01C7D2C84B1DA0058E73C /* LandingPageViewController.swift in Sources */ = {isa = PBXBuildFile; fileRef = DFD01C6F2C84B1DA0058E73C /* LandingPageViewController.swift */; };
		DFD01C812C84B1DA0058E73C /* ProductModel.swift in Sources */ = {isa = PBXBuildFile; fileRef = DFD01C752C84B1DA0058E73C /* ProductModel.swift */; };
		DFD01C842C84BD7F0058E73C /* LocalStorageWorker.swift in Sources */ = {isa = PBXBuildFile; fileRef = DFD01C832C84BD7F0058E73C /* LocalStorageWorker.swift */; };
		DFD01C862C84BDCE0058E73C /* ProductPurchaseIntent.swift in Sources */ = {isa = PBXBuildFile; fileRef = DFD01C852C84BDCE0058E73C /* ProductPurchaseIntent.swift */; };
		DFD01C892C84D1B70058E73C /* CartProductModel.swift in Sources */ = {isa = PBXBuildFile; fileRef = DFD01C882C84D1B70058E73C /* CartProductModel.swift */; };
		DFD01C8D2C84D5780058E73C /* CartProductCell.swift in Sources */ = {isa = PBXBuildFile; fileRef = DFD01C8C2C84D5780058E73C /* CartProductCell.swift */; };
		DFD01C8F2C84ECD70058E73C /* CartProductInputView.swift in Sources */ = {isa = PBXBuildFile; fileRef = DFD01C8E2C84ECD70058E73C /* CartProductInputView.swift */; };
/* End PBXBuildFile section */

/* Begin PBXFileReference section */
		DF7DDE4E2C849D9F00D53A4B /* DesafioTecnicoIOS.app */ = {isa = PBXFileReference; explicitFileType = wrapper.application; includeInIndex = 0; path = DesafioTecnicoIOS.app; sourceTree = BUILT_PRODUCTS_DIR; };
		DF7DDE512C849D9F00D53A4B /* AppDelegate.swift */ = {isa = PBXFileReference; lastKnownFileType = sourcecode.swift; path = AppDelegate.swift; sourceTree = "<group>"; };
		DF7DDE532C849D9F00D53A4B /* SceneDelegate.swift */ = {isa = PBXFileReference; lastKnownFileType = sourcecode.swift; path = SceneDelegate.swift; sourceTree = "<group>"; };
		DF7DDE552C849D9F00D53A4B /* ViewController.swift */ = {isa = PBXFileReference; lastKnownFileType = sourcecode.swift; path = ViewController.swift; sourceTree = "<group>"; };
		DF7DDE582C849D9F00D53A4B /* Base */ = {isa = PBXFileReference; lastKnownFileType = file.storyboard; name = Base; path = Base.lproj/Main.storyboard; sourceTree = "<group>"; };
		DF7DDE5B2C849D9F00D53A4B /* DesafioTecnicoIOS.xcdatamodel */ = {isa = PBXFileReference; lastKnownFileType = wrapper.xcdatamodel; path = DesafioTecnicoIOS.xcdatamodel; sourceTree = "<group>"; };
		DF7DDE5D2C849DA100D53A4B /* Assets.xcassets */ = {isa = PBXFileReference; lastKnownFileType = folder.assetcatalog; path = Assets.xcassets; sourceTree = "<group>"; };
		DF7DDE602C849DA100D53A4B /* Base */ = {isa = PBXFileReference; lastKnownFileType = file.storyboard; name = Base; path = Base.lproj/LaunchScreen.storyboard; sourceTree = "<group>"; };
		DF7DDE622C849DA100D53A4B /* Info.plist */ = {isa = PBXFileReference; lastKnownFileType = text.plist.xml; path = Info.plist; sourceTree = "<group>"; };
		DF7DDE692C849F6900D53A4B /* TabBarController.swift */ = {isa = PBXFileReference; lastKnownFileType = sourcecode.swift; path = TabBarController.swift; sourceTree = "<group>"; };
		DF7DDE802C84A3B200D53A4B /* CartViewController.swift */ = {isa = PBXFileReference; fileEncoding = 4; lastKnownFileType = sourcecode.swift; path = CartViewController.swift; sourceTree = "<group>"; };
		DF7DDE812C84A3B200D53A4B /* CartWorker.swift */ = {isa = PBXFileReference; fileEncoding = 4; lastKnownFileType = sourcecode.swift; path = CartWorker.swift; sourceTree = "<group>"; };
		DF7DDE822C84A3B200D53A4B /* CartPresenter.swift */ = {isa = PBXFileReference; fileEncoding = 4; lastKnownFileType = sourcecode.swift; path = CartPresenter.swift; sourceTree = "<group>"; };
		DF7DDE832C84A3B200D53A4B /* CartInteractor.swift */ = {isa = PBXFileReference; fileEncoding = 4; lastKnownFileType = sourcecode.swift; path = CartInteractor.swift; sourceTree = "<group>"; };
		DF7DDE842C84A3B200D53A4B /* CartView.swift */ = {isa = PBXFileReference; fileEncoding = 4; lastKnownFileType = sourcecode.swift; path = CartView.swift; sourceTree = "<group>"; };
		DF7DDE8E2C84AA4000D53A4B /* NavigationBar.swift */ = {isa = PBXFileReference; lastKnownFileType = sourcecode.swift; path = NavigationBar.swift; sourceTree = "<group>"; };
		DFD01C362C84B1790058E73C /* ProductDetailPageInteractor.swift */ = {isa = PBXFileReference; fileEncoding = 4; lastKnownFileType = sourcecode.swift; path = ProductDetailPageInteractor.swift; sourceTree = "<group>"; };
		DFD01C372C84B1790058E73C /* ProductDetailPagePresenter.swift */ = {isa = PBXFileReference; fileEncoding = 4; lastKnownFileType = sourcecode.swift; path = ProductDetailPagePresenter.swift; sourceTree = "<group>"; };
		DFD01C392C84B1790058E73C /* RatingStarsView.swift */ = {isa = PBXFileReference; fileEncoding = 4; lastKnownFileType = sourcecode.swift; path = RatingStarsView.swift; sourceTree = "<group>"; };
		DFD01C3A2C84B1790058E73C /* ProductDetailDescriptionView.swift */ = {isa = PBXFileReference; fileEncoding = 4; lastKnownFileType = sourcecode.swift; path = ProductDetailDescriptionView.swift; sourceTree = "<group>"; };
		DFD01C3B2C84B1790058E73C /* ProductDetailPageViewController.swift */ = {isa = PBXFileReference; fileEncoding = 4; lastKnownFileType = sourcecode.swift; path = ProductDetailPageViewController.swift; sourceTree = "<group>"; };
		DFD01C3C2C84B1790058E73C /* ProductDetailPageView.swift */ = {isa = PBXFileReference; fileEncoding = 4; lastKnownFileType = sourcecode.swift; path = ProductDetailPageView.swift; sourceTree = "<group>"; };
		DFD01C3D2C84B1790058E73C /* ProductDetailPageWorker.swift */ = {isa = PBXFileReference; fileEncoding = 4; lastKnownFileType = sourcecode.swift; path = ProductDetailPageWorker.swift; sourceTree = "<group>"; };
		DFD01C3F2C84B1790058E73C /* CurrencyHelper.swift */ = {isa = PBXFileReference; fileEncoding = 4; lastKnownFileType = sourcecode.swift; path = CurrencyHelper.swift; sourceTree = "<group>"; };
		DFD01C412C84B1790058E73C /* UIImageView + Extensions.swift */ = {isa = PBXFileReference; fileEncoding = 4; lastKnownFileType = sourcecode.swift; path = "UIImageView + Extensions.swift"; sourceTree = "<group>"; };
		DFD01C422C84B1790058E73C /* UIView + Extensions.swift */ = {isa = PBXFileReference; fileEncoding = 4; lastKnownFileType = sourcecode.swift; path = "UIView + Extensions.swift"; sourceTree = "<group>"; };
		DFD01C432C84B1790058E73C /* UIBuilder.swift */ = {isa = PBXFileReference; fileEncoding = 4; lastKnownFileType = sourcecode.swift; path = UIBuilder.swift; sourceTree = "<group>"; };
		DFD01C462C84B1790058E73C /* CategoryCell.swift */ = {isa = PBXFileReference; fileEncoding = 4; lastKnownFileType = sourcecode.swift; path = CategoryCell.swift; sourceTree = "<group>"; };
		DFD01C472C84B1790058E73C /* CategoriesView.swift */ = {isa = PBXFileReference; fileEncoding = 4; lastKnownFileType = sourcecode.swift; path = CategoriesView.swift; sourceTree = "<group>"; };
		DFD01C482C84B1790058E73C /* CategoriesWorker.swift */ = {isa = PBXFileReference; fileEncoding = 4; lastKnownFileType = sourcecode.swift; path = CategoriesWorker.swift; sourceTree = "<group>"; };
		DFD01C492C84B1790058E73C /* CategoriesViewController.swift */ = {isa = PBXFileReference; fileEncoding = 4; lastKnownFileType = sourcecode.swift; path = CategoriesViewController.swift; sourceTree = "<group>"; };
		DFD01C4B2C84B1790058E73C /* CategoryItemModel.swift */ = {isa = PBXFileReference; fileEncoding = 4; lastKnownFileType = sourcecode.swift; path = CategoryItemModel.swift; sourceTree = "<group>"; };
		DFD01C4C2C84B1790058E73C /* CategoriesPresenter.swift */ = {isa = PBXFileReference; fileEncoding = 4; lastKnownFileType = sourcecode.swift; path = CategoriesPresenter.swift; sourceTree = "<group>"; };
		DFD01C4D2C84B1790058E73C /* CategoriesInteractor.swift */ = {isa = PBXFileReference; fileEncoding = 4; lastKnownFileType = sourcecode.swift; path = CategoriesInteractor.swift; sourceTree = "<group>"; };
		DFD01C4F2C84B1790058E73C /* FakeStoreApiClient.swift */ = {isa = PBXFileReference; fileEncoding = 4; lastKnownFileType = sourcecode.swift; path = FakeStoreApiClient.swift; sourceTree = "<group>"; };
		DFD01C512C84B1790058E73C /* ProductResponse.swift */ = {isa = PBXFileReference; fileEncoding = 4; lastKnownFileType = sourcecode.swift; path = ProductResponse.swift; sourceTree = "<group>"; };
		DFD01C672C84B1DA0058E73C /* LandingPagePresenter.swift */ = {isa = PBXFileReference; fileEncoding = 4; lastKnownFileType = sourcecode.swift; path = LandingPagePresenter.swift; sourceTree = "<group>"; };
		DFD01C692C84B1DA0058E73C /* LandingPageItemCell.swift */ = {isa = PBXFileReference; fileEncoding = 4; lastKnownFileType = sourcecode.swift; path = LandingPageItemCell.swift; sourceTree = "<group>"; };
		DFD01C6A2C84B1DA0058E73C /* LandingPageHighlightCell.swift */ = {isa = PBXFileReference; fileEncoding = 4; lastKnownFileType = sourcecode.swift; path = LandingPageHighlightCell.swift; sourceTree = "<group>"; };
		DFD01C6B2C84B1DA0058E73C /* LandingPageCellProtocol.swift */ = {isa = PBXFileReference; fileEncoding = 4; lastKnownFileType = sourcecode.swift; path = LandingPageCellProtocol.swift; sourceTree = "<group>"; };
		DFD01C6C2C84B1DA0058E73C /* LandingPageInteractor.swift */ = {isa = PBXFileReference; fileEncoding = 4; lastKnownFileType = sourcecode.swift; path = LandingPageInteractor.swift; sourceTree = "<group>"; };
		DFD01C6D2C84B1DA0058E73C /* LandingPageWorker.swift */ = {isa = PBXFileReference; fileEncoding = 4; lastKnownFileType = sourcecode.swift; path = LandingPageWorker.swift; sourceTree = "<group>"; };
		DFD01C6E2C84B1DA0058E73C /* LandingPageView.swift */ = {isa = PBXFileReference; fileEncoding = 4; lastKnownFileType = sourcecode.swift; path = LandingPageView.swift; sourceTree = "<group>"; };
		DFD01C6F2C84B1DA0058E73C /* LandingPageViewController.swift */ = {isa = PBXFileReference; fileEncoding = 4; lastKnownFileType = sourcecode.swift; path = LandingPageViewController.swift; sourceTree = "<group>"; };
		DFD01C752C84B1DA0058E73C /* ProductModel.swift */ = {isa = PBXFileReference; fileEncoding = 4; lastKnownFileType = sourcecode.swift; path = ProductModel.swift; sourceTree = "<group>"; };
		DFD01C832C84BD7F0058E73C /* LocalStorageWorker.swift */ = {isa = PBXFileReference; lastKnownFileType = sourcecode.swift; path = LocalStorageWorker.swift; sourceTree = "<group>"; };
		DFD01C852C84BDCE0058E73C /* ProductPurchaseIntent.swift */ = {isa = PBXFileReference; lastKnownFileType = sourcecode.swift; path = ProductPurchaseIntent.swift; sourceTree = "<group>"; };
		DFD01C882C84D1B70058E73C /* CartProductModel.swift */ = {isa = PBXFileReference; lastKnownFileType = sourcecode.swift; path = CartProductModel.swift; sourceTree = "<group>"; };
		DFD01C8C2C84D5780058E73C /* CartProductCell.swift */ = {isa = PBXFileReference; lastKnownFileType = sourcecode.swift; path = CartProductCell.swift; sourceTree = "<group>"; };
		DFD01C8E2C84ECD70058E73C /* CartProductInputView.swift */ = {isa = PBXFileReference; lastKnownFileType = sourcecode.swift; path = CartProductInputView.swift; sourceTree = "<group>"; };
/* End PBXFileReference section */

/* Begin PBXFrameworksBuildPhase section */
		DF7DDE4B2C849D9F00D53A4B /* Frameworks */ = {
			isa = PBXFrameworksBuildPhase;
			buildActionMask = 2147483647;
			files = (
			);
			runOnlyForDeploymentPostprocessing = 0;
		};
/* End PBXFrameworksBuildPhase section */

/* Begin PBXGroup section */
		DF7DDE452C849D9F00D53A4B = {
			isa = PBXGroup;
			children = (
				DF7DDE502C849D9F00D53A4B /* DesafioTecnicoIOS */,
				DF7DDE4F2C849D9F00D53A4B /* Products */,
			);
			sourceTree = "<group>";
		};
		DF7DDE4F2C849D9F00D53A4B /* Products */ = {
			isa = PBXGroup;
			children = (
				DF7DDE4E2C849D9F00D53A4B /* DesafioTecnicoIOS.app */,
			);
			name = Products;
			sourceTree = "<group>";
		};
		DF7DDE502C849D9F00D53A4B /* DesafioTecnicoIOS */ = {
			isa = PBXGroup;
			children = (
				DFD01C3E2C84B1790058E73C /* Core */,
				DFD01C822C84BD6B0058E73C /* Local Storage */,
				DFD01C4E2C84B1790058E73C /* Repository */,
				DF7DDE8D2C84AA0200D53A4B /* Navigation */,
				DFD01C662C84B1DA0058E73C /* LandingPage */,
				DFD01C352C84B1790058E73C /* ProductDetailPage */,
				DFD01C442C84B1790058E73C /* Categories */,
				DF7DDE7F2C84A3B200D53A4B /* Cart */,
				DF7DDE512C849D9F00D53A4B /* AppDelegate.swift */,
				DF7DDE532C849D9F00D53A4B /* SceneDelegate.swift */,
				DF7DDE552C849D9F00D53A4B /* ViewController.swift */,
				DF7DDE572C849D9F00D53A4B /* Main.storyboard */,
				DF7DDE5D2C849DA100D53A4B /* Assets.xcassets */,
				DF7DDE5F2C849DA100D53A4B /* LaunchScreen.storyboard */,
				DF7DDE622C849DA100D53A4B /* Info.plist */,
				DF7DDE5A2C849D9F00D53A4B /* DesafioTecnicoIOS.xcdatamodeld */,
			);
			path = DesafioTecnicoIOS;
			sourceTree = "<group>";
		};
		DF7DDE7F2C84A3B200D53A4B /* Cart */ = {
			isa = PBXGroup;
			children = (
				DFD01C872C84D1A80058E73C /* Model */,
				DFD01C8B2C84D5410058E73C /* Cell */,
				DF7DDE802C84A3B200D53A4B /* CartViewController.swift */,
				DF7DDE812C84A3B200D53A4B /* CartWorker.swift */,
				DF7DDE822C84A3B200D53A4B /* CartPresenter.swift */,
				DF7DDE832C84A3B200D53A4B /* CartInteractor.swift */,
				DF7DDE842C84A3B200D53A4B /* CartView.swift */,
			);
			path = Cart;
			sourceTree = "<group>";
		};
		DF7DDE8D2C84AA0200D53A4B /* Navigation */ = {
			isa = PBXGroup;
			children = (
				DF7DDE692C849F6900D53A4B /* TabBarController.swift */,
				DF7DDE8E2C84AA4000D53A4B /* NavigationBar.swift */,
			);
			path = Navigation;
			sourceTree = "<group>";
		};
		DFD01C352C84B1790058E73C /* ProductDetailPage */ = {
			isa = PBXGroup;
			children = (
				DFD01C382C84B1790058E73C /* Subviews */,
				DFD01C362C84B1790058E73C /* ProductDetailPageInteractor.swift */,
				DFD01C372C84B1790058E73C /* ProductDetailPagePresenter.swift */,
				DFD01C3B2C84B1790058E73C /* ProductDetailPageViewController.swift */,
				DFD01C3C2C84B1790058E73C /* ProductDetailPageView.swift */,
				DFD01C3D2C84B1790058E73C /* ProductDetailPageWorker.swift */,
			);
			path = ProductDetailPage;
			sourceTree = "<group>";
		};
		DFD01C382C84B1790058E73C /* Subviews */ = {
			isa = PBXGroup;
			children = (
				DFD01C392C84B1790058E73C /* RatingStarsView.swift */,
				DFD01C3A2C84B1790058E73C /* ProductDetailDescriptionView.swift */,
			);
			path = Subviews;
			sourceTree = "<group>";
		};
		DFD01C3E2C84B1790058E73C /* Core */ = {
			isa = PBXGroup;
			children = (
				DFD01C3F2C84B1790058E73C /* CurrencyHelper.swift */,
				DFD01C402C84B1790058E73C /* Extensions */,
				DFD01C432C84B1790058E73C /* UIBuilder.swift */,
			);
			path = Core;
			sourceTree = "<group>";
		};
		DFD01C402C84B1790058E73C /* Extensions */ = {
			isa = PBXGroup;
			children = (
				DFD01C412C84B1790058E73C /* UIImageView + Extensions.swift */,
				DFD01C422C84B1790058E73C /* UIView + Extensions.swift */,
			);
			path = Extensions;
			sourceTree = "<group>";
		};
		DFD01C442C84B1790058E73C /* Categories */ = {
			isa = PBXGroup;
			children = (
				DFD01C4A2C84B1790058E73C /* Model */,
				DFD01C452C84B1790058E73C /* Cells */,
				DFD01C472C84B1790058E73C /* CategoriesView.swift */,
				DFD01C482C84B1790058E73C /* CategoriesWorker.swift */,
				DFD01C492C84B1790058E73C /* CategoriesViewController.swift */,
				DFD01C4C2C84B1790058E73C /* CategoriesPresenter.swift */,
				DFD01C4D2C84B1790058E73C /* CategoriesInteractor.swift */,
			);
			path = Categories;
			sourceTree = "<group>";
		};
		DFD01C452C84B1790058E73C /* Cells */ = {
			isa = PBXGroup;
			children = (
				DFD01C462C84B1790058E73C /* CategoryCell.swift */,
			);
			path = Cells;
			sourceTree = "<group>";
		};
		DFD01C4A2C84B1790058E73C /* Model */ = {
			isa = PBXGroup;
			children = (
				DFD01C4B2C84B1790058E73C /* CategoryItemModel.swift */,
			);
			path = Model;
			sourceTree = "<group>";
		};
		DFD01C4E2C84B1790058E73C /* Repository */ = {
			isa = PBXGroup;
			children = (
				DFD01C4F2C84B1790058E73C /* FakeStoreApiClient.swift */,
				DFD01C502C84B1790058E73C /* Models */,
			);
			path = Repository;
			sourceTree = "<group>";
		};
		DFD01C502C84B1790058E73C /* Models */ = {
			isa = PBXGroup;
			children = (
				DFD01C512C84B1790058E73C /* ProductResponse.swift */,
			);
			path = Models;
			sourceTree = "<group>";
		};
		DFD01C662C84B1DA0058E73C /* LandingPage */ = {
			isa = PBXGroup;
			children = (
				DFD01C742C84B1DA0058E73C /* Model */,
				DFD01C682C84B1DA0058E73C /* Cells */,
				DFD01C672C84B1DA0058E73C /* LandingPagePresenter.swift */,
				DFD01C6C2C84B1DA0058E73C /* LandingPageInteractor.swift */,
				DFD01C6D2C84B1DA0058E73C /* LandingPageWorker.swift */,
				DFD01C6E2C84B1DA0058E73C /* LandingPageView.swift */,
				DFD01C6F2C84B1DA0058E73C /* LandingPageViewController.swift */,
			);
			path = LandingPage;
			sourceTree = "<group>";
		};
		DFD01C682C84B1DA0058E73C /* Cells */ = {
			isa = PBXGroup;
			children = (
				DFD01C692C84B1DA0058E73C /* LandingPageItemCell.swift */,
				DFD01C6A2C84B1DA0058E73C /* LandingPageHighlightCell.swift */,
				DFD01C6B2C84B1DA0058E73C /* LandingPageCellProtocol.swift */,
			);
			path = Cells;
			sourceTree = "<group>";
		};
		DFD01C742C84B1DA0058E73C /* Model */ = {
			isa = PBXGroup;
			children = (
				DFD01C752C84B1DA0058E73C /* ProductModel.swift */,
			);
			path = Model;
			sourceTree = "<group>";
		};
		DFD01C822C84BD6B0058E73C /* Local Storage */ = {
			isa = PBXGroup;
			children = (
				DFD01C8A2C84D2900058E73C /* Model */,
				DFD01C832C84BD7F0058E73C /* LocalStorageWorker.swift */,
			);
			path = "Local Storage";
			sourceTree = "<group>";
		};
		DFD01C872C84D1A80058E73C /* Model */ = {
			isa = PBXGroup;
			children = (
				DFD01C882C84D1B70058E73C /* CartProductModel.swift */,
			);
			path = Model;
			sourceTree = "<group>";
		};
		DFD01C8A2C84D2900058E73C /* Model */ = {
			isa = PBXGroup;
			children = (
				DFD01C852C84BDCE0058E73C /* ProductPurchaseIntent.swift */,
			);
			path = Model;
			sourceTree = "<group>";
		};
		DFD01C8B2C84D5410058E73C /* Cell */ = {
			isa = PBXGroup;
			children = (
				DFD01C8C2C84D5780058E73C /* CartProductCell.swift */,
				DFD01C8E2C84ECD70058E73C /* CartProductInputView.swift */,
			);
			path = Cell;
			sourceTree = "<group>";
		};
/* End PBXGroup section */

/* Begin PBXNativeTarget section */
		DF7DDE4D2C849D9F00D53A4B /* DesafioTecnicoIOS */ = {
			isa = PBXNativeTarget;
			buildConfigurationList = DF7DDE652C849DA100D53A4B /* Build configuration list for PBXNativeTarget "DesafioTecnicoIOS" */;
			buildPhases = (
				DF7DDE4A2C849D9F00D53A4B /* Sources */,
				DF7DDE4B2C849D9F00D53A4B /* Frameworks */,
				DF7DDE4C2C849D9F00D53A4B /* Resources */,
			);
			buildRules = (
			);
			dependencies = (
			);
			name = DesafioTecnicoIOS;
			productName = DesafioTecnicoIOS;
			productReference = DF7DDE4E2C849D9F00D53A4B /* DesafioTecnicoIOS.app */;
			productType = "com.apple.product-type.application";
		};
/* End PBXNativeTarget section */

/* Begin PBXProject section */
		DF7DDE462C849D9F00D53A4B /* Project object */ = {
			isa = PBXProject;
			attributes = {
				BuildIndependentTargetsInParallel = 1;
				LastSwiftUpdateCheck = 1500;
				LastUpgradeCheck = 1500;
				TargetAttributes = {
					DF7DDE4D2C849D9F00D53A4B = {
						CreatedOnToolsVersion = 15.0.1;
					};
				};
			};
			buildConfigurationList = DF7DDE492C849D9F00D53A4B /* Build configuration list for PBXProject "DesafioTecnicoIOS" */;
			compatibilityVersion = "Xcode 14.0";
			developmentRegion = en;
			hasScannedForEncodings = 0;
			knownRegions = (
				en,
				Base,
			);
			mainGroup = DF7DDE452C849D9F00D53A4B;
			productRefGroup = DF7DDE4F2C849D9F00D53A4B /* Products */;
			projectDirPath = "";
			projectRoot = "";
			targets = (
				DF7DDE4D2C849D9F00D53A4B /* DesafioTecnicoIOS */,
			);
		};
/* End PBXProject section */

/* Begin PBXResourcesBuildPhase section */
		DF7DDE4C2C849D9F00D53A4B /* Resources */ = {
			isa = PBXResourcesBuildPhase;
			buildActionMask = 2147483647;
			files = (
				DF7DDE612C849DA100D53A4B /* LaunchScreen.storyboard in Resources */,
				DF7DDE5E2C849DA100D53A4B /* Assets.xcassets in Resources */,
				DF7DDE592C849D9F00D53A4B /* Main.storyboard in Resources */,
			);
			runOnlyForDeploymentPostprocessing = 0;
		};
/* End PBXResourcesBuildPhase section */

/* Begin PBXSourcesBuildPhase section */
		DF7DDE4A2C849D9F00D53A4B /* Sources */ = {
			isa = PBXSourcesBuildPhase;
			buildActionMask = 2147483647;
			files = (
				DFD01C652C84B1790058E73C /* ProductResponse.swift in Sources */,
				DFD01C7C2C84B1DA0058E73C /* LandingPageView.swift in Sources */,
				DFD01C862C84BDCE0058E73C /* ProductPurchaseIntent.swift in Sources */,
				DFD01C552C84B1790058E73C /* ProductDetailDescriptionView.swift in Sources */,
				DF7DDE892C84A3B200D53A4B /* CartView.swift in Sources */,
				DFD01C7D2C84B1DA0058E73C /* LandingPageViewController.swift in Sources */,
				DFD01C592C84B1790058E73C /* CurrencyHelper.swift in Sources */,
				DFD01C812C84B1DA0058E73C /* ProductModel.swift in Sources */,
				DFD01C5E2C84B1790058E73C /* CategoriesView.swift in Sources */,
				DFD01C522C84B1790058E73C /* ProductDetailPageInteractor.swift in Sources */,
				DFD01C542C84B1790058E73C /* RatingStarsView.swift in Sources */,
				DFD01C762C84B1DA0058E73C /* LandingPagePresenter.swift in Sources */,
				DF7DDE872C84A3B200D53A4B /* CartPresenter.swift in Sources */,
				DFD01C5F2C84B1790058E73C /* CategoriesWorker.swift in Sources */,
				DFD01C562C84B1790058E73C /* ProductDetailPageViewController.swift in Sources */,
				DFD01C8D2C84D5780058E73C /* CartProductCell.swift in Sources */,
				DFD01C7B2C84B1DA0058E73C /* LandingPageWorker.swift in Sources */,
				DF7DDE562C849D9F00D53A4B /* ViewController.swift in Sources */,
				DF7DDE862C84A3B200D53A4B /* CartWorker.swift in Sources */,
				DFD01C782C84B1DA0058E73C /* LandingPageHighlightCell.swift in Sources */,
				DFD01C602C84B1790058E73C /* CategoriesViewController.swift in Sources */,
				DFD01C7A2C84B1DA0058E73C /* LandingPageInteractor.swift in Sources */,
				DF7DDE5C2C849D9F00D53A4B /* DesafioTecnicoIOS.xcdatamodeld in Sources */,
				DF7DDE522C849D9F00D53A4B /* AppDelegate.swift in Sources */,
				DFD01C8F2C84ECD70058E73C /* CartProductInputView.swift in Sources */,
				DFD01C5D2C84B1790058E73C /* CategoryCell.swift in Sources */,
				DFD01C5A2C84B1790058E73C /* UIImageView + Extensions.swift in Sources */,
				DFD01C792C84B1DA0058E73C /* LandingPageCellProtocol.swift in Sources */,
				DFD01C622C84B1790058E73C /* CategoriesPresenter.swift in Sources */,
				DFD01C572C84B1790058E73C /* ProductDetailPageView.swift in Sources */,
				DF7DDE6A2C849F6A00D53A4B /* TabBarController.swift in Sources */,
				DFD01C532C84B1790058E73C /* ProductDetailPagePresenter.swift in Sources */,
				DF7DDE852C84A3B200D53A4B /* CartViewController.swift in Sources */,
				DF7DDE542C849D9F00D53A4B /* SceneDelegate.swift in Sources */,
				DF7DDE882C84A3B200D53A4B /* CartInteractor.swift in Sources */,
				DFD01C5B2C84B1790058E73C /* UIView + Extensions.swift in Sources */,
				DFD01C892C84D1B70058E73C /* CartProductModel.swift in Sources */,
				DFD01C642C84B1790058E73C /* FakeStoreApiClient.swift in Sources */,
				DFD01C632C84B1790058E73C /* CategoriesInteractor.swift in Sources */,
				DFD01C772C84B1DA0058E73C /* LandingPageItemCell.swift in Sources */,
				DFD01C5C2C84B1790058E73C /* UIBuilder.swift in Sources */,
				DFD01C612C84B1790058E73C /* CategoryItemModel.swift in Sources */,
				DFD01C582C84B1790058E73C /* ProductDetailPageWorker.swift in Sources */,
				DFD01C842C84BD7F0058E73C /* LocalStorageWorker.swift in Sources */,
				DF7DDE8F2C84AA4000D53A4B /* NavigationBar.swift in Sources */,
			);
			runOnlyForDeploymentPostprocessing = 0;
		};
/* End PBXSourcesBuildPhase section */

/* Begin PBXVariantGroup section */
		DF7DDE572C849D9F00D53A4B /* Main.storyboard */ = {
			isa = PBXVariantGroup;
			children = (
				DF7DDE582C849D9F00D53A4B /* Base */,
			);
			name = Main.storyboard;
			sourceTree = "<group>";
		};
		DF7DDE5F2C849DA100D53A4B /* LaunchScreen.storyboard */ = {
			isa = PBXVariantGroup;
			children = (
				DF7DDE602C849DA100D53A4B /* Base */,
			);
			name = LaunchScreen.storyboard;
			sourceTree = "<group>";
		};
/* End PBXVariantGroup section */

/* Begin XCBuildConfiguration section */
		DF7DDE632C849DA100D53A4B /* Debug */ = {
			isa = XCBuildConfiguration;
			buildSettings = {
				ALWAYS_SEARCH_USER_PATHS = NO;
				ASSETCATALOG_COMPILER_GENERATE_SWIFT_ASSET_SYMBOL_EXTENSIONS = YES;
				CLANG_ANALYZER_NONNULL = YES;
				CLANG_ANALYZER_NUMBER_OBJECT_CONVERSION = YES_AGGRESSIVE;
				CLANG_CXX_LANGUAGE_STANDARD = "gnu++20";
				CLANG_ENABLE_MODULES = YES;
				CLANG_ENABLE_OBJC_ARC = YES;
				CLANG_ENABLE_OBJC_WEAK = YES;
				CLANG_WARN_BLOCK_CAPTURE_AUTORELEASING = YES;
				CLANG_WARN_BOOL_CONVERSION = YES;
				CLANG_WARN_COMMA = YES;
				CLANG_WARN_CONSTANT_CONVERSION = YES;
				CLANG_WARN_DEPRECATED_OBJC_IMPLEMENTATIONS = YES;
				CLANG_WARN_DIRECT_OBJC_ISA_USAGE = YES_ERROR;
				CLANG_WARN_DOCUMENTATION_COMMENTS = YES;
				CLANG_WARN_EMPTY_BODY = YES;
				CLANG_WARN_ENUM_CONVERSION = YES;
				CLANG_WARN_INFINITE_RECURSION = YES;
				CLANG_WARN_INT_CONVERSION = YES;
				CLANG_WARN_NON_LITERAL_NULL_CONVERSION = YES;
				CLANG_WARN_OBJC_IMPLICIT_RETAIN_SELF = YES;
				CLANG_WARN_OBJC_LITERAL_CONVERSION = YES;
				CLANG_WARN_OBJC_ROOT_CLASS = YES_ERROR;
				CLANG_WARN_QUOTED_INCLUDE_IN_FRAMEWORK_HEADER = YES;
				CLANG_WARN_RANGE_LOOP_ANALYSIS = YES;
				CLANG_WARN_STRICT_PROTOTYPES = YES;
				CLANG_WARN_SUSPICIOUS_MOVE = YES;
				CLANG_WARN_UNGUARDED_AVAILABILITY = YES_AGGRESSIVE;
				CLANG_WARN_UNREACHABLE_CODE = YES;
				CLANG_WARN__DUPLICATE_METHOD_MATCH = YES;
				COPY_PHASE_STRIP = NO;
				DEBUG_INFORMATION_FORMAT = dwarf;
				ENABLE_STRICT_OBJC_MSGSEND = YES;
				ENABLE_TESTABILITY = YES;
				ENABLE_USER_SCRIPT_SANDBOXING = YES;
				GCC_C_LANGUAGE_STANDARD = gnu17;
				GCC_DYNAMIC_NO_PIC = NO;
				GCC_NO_COMMON_BLOCKS = YES;
				GCC_OPTIMIZATION_LEVEL = 0;
				GCC_PREPROCESSOR_DEFINITIONS = (
					"DEBUG=1",
					"$(inherited)",
				);
				GCC_WARN_64_TO_32_BIT_CONVERSION = YES;
				GCC_WARN_ABOUT_RETURN_TYPE = YES_ERROR;
				GCC_WARN_UNDECLARED_SELECTOR = YES;
				GCC_WARN_UNINITIALIZED_AUTOS = YES_AGGRESSIVE;
				GCC_WARN_UNUSED_FUNCTION = YES;
				GCC_WARN_UNUSED_VARIABLE = YES;
				IPHONEOS_DEPLOYMENT_TARGET = 17.0;
				LOCALIZATION_PREFERS_STRING_CATALOGS = YES;
				MTL_ENABLE_DEBUG_INFO = INCLUDE_SOURCE;
				MTL_FAST_MATH = YES;
				ONLY_ACTIVE_ARCH = YES;
				SDKROOT = iphoneos;
				SWIFT_ACTIVE_COMPILATION_CONDITIONS = "DEBUG $(inherited)";
				SWIFT_OPTIMIZATION_LEVEL = "-Onone";
			};
			name = Debug;
		};
		DF7DDE642C849DA100D53A4B /* Release */ = {
			isa = XCBuildConfiguration;
			buildSettings = {
				ALWAYS_SEARCH_USER_PATHS = NO;
				ASSETCATALOG_COMPILER_GENERATE_SWIFT_ASSET_SYMBOL_EXTENSIONS = YES;
				CLANG_ANALYZER_NONNULL = YES;
				CLANG_ANALYZER_NUMBER_OBJECT_CONVERSION = YES_AGGRESSIVE;
				CLANG_CXX_LANGUAGE_STANDARD = "gnu++20";
				CLANG_ENABLE_MODULES = YES;
				CLANG_ENABLE_OBJC_ARC = YES;
				CLANG_ENABLE_OBJC_WEAK = YES;
				CLANG_WARN_BLOCK_CAPTURE_AUTORELEASING = YES;
				CLANG_WARN_BOOL_CONVERSION = YES;
				CLANG_WARN_COMMA = YES;
				CLANG_WARN_CONSTANT_CONVERSION = YES;
				CLANG_WARN_DEPRECATED_OBJC_IMPLEMENTATIONS = YES;
				CLANG_WARN_DIRECT_OBJC_ISA_USAGE = YES_ERROR;
				CLANG_WARN_DOCUMENTATION_COMMENTS = YES;
				CLANG_WARN_EMPTY_BODY = YES;
				CLANG_WARN_ENUM_CONVERSION = YES;
				CLANG_WARN_INFINITE_RECURSION = YES;
				CLANG_WARN_INT_CONVERSION = YES;
				CLANG_WARN_NON_LITERAL_NULL_CONVERSION = YES;
				CLANG_WARN_OBJC_IMPLICIT_RETAIN_SELF = YES;
				CLANG_WARN_OBJC_LITERAL_CONVERSION = YES;
				CLANG_WARN_OBJC_ROOT_CLASS = YES_ERROR;
				CLANG_WARN_QUOTED_INCLUDE_IN_FRAMEWORK_HEADER = YES;
				CLANG_WARN_RANGE_LOOP_ANALYSIS = YES;
				CLANG_WARN_STRICT_PROTOTYPES = YES;
				CLANG_WARN_SUSPICIOUS_MOVE = YES;
				CLANG_WARN_UNGUARDED_AVAILABILITY = YES_AGGRESSIVE;
				CLANG_WARN_UNREACHABLE_CODE = YES;
				CLANG_WARN__DUPLICATE_METHOD_MATCH = YES;
				COPY_PHASE_STRIP = NO;
				DEBUG_INFORMATION_FORMAT = "dwarf-with-dsym";
				ENABLE_NS_ASSERTIONS = NO;
				ENABLE_STRICT_OBJC_MSGSEND = YES;
				ENABLE_USER_SCRIPT_SANDBOXING = YES;
				GCC_C_LANGUAGE_STANDARD = gnu17;
				GCC_NO_COMMON_BLOCKS = YES;
				GCC_WARN_64_TO_32_BIT_CONVERSION = YES;
				GCC_WARN_ABOUT_RETURN_TYPE = YES_ERROR;
				GCC_WARN_UNDECLARED_SELECTOR = YES;
				GCC_WARN_UNINITIALIZED_AUTOS = YES_AGGRESSIVE;
				GCC_WARN_UNUSED_FUNCTION = YES;
				GCC_WARN_UNUSED_VARIABLE = YES;
				IPHONEOS_DEPLOYMENT_TARGET = 17.0;
				LOCALIZATION_PREFERS_STRING_CATALOGS = YES;
				MTL_ENABLE_DEBUG_INFO = NO;
				MTL_FAST_MATH = YES;
				SDKROOT = iphoneos;
				SWIFT_COMPILATION_MODE = wholemodule;
				VALIDATE_PRODUCT = YES;
			};
			name = Release;
		};
		DF7DDE662C849DA100D53A4B /* Debug */ = {
			isa = XCBuildConfiguration;
			buildSettings = {
				ASSETCATALOG_COMPILER_APPICON_NAME = AppIcon;
				ASSETCATALOG_COMPILER_GLOBAL_ACCENT_COLOR_NAME = AccentColor;
				CODE_SIGN_STYLE = Automatic;
				CURRENT_PROJECT_VERSION = 1;
				DEVELOPMENT_TEAM = GRGY335XL5;
				GENERATE_INFOPLIST_FILE = YES;
				INFOPLIST_FILE = DesafioTecnicoIOS/Info.plist;
				INFOPLIST_KEY_UIApplicationSupportsIndirectInputEvents = YES;
				INFOPLIST_KEY_UILaunchStoryboardName = LaunchScreen;
				INFOPLIST_KEY_UIMainStoryboardFile = Main;
				INFOPLIST_KEY_UISupportedInterfaceOrientations_iPad = "UIInterfaceOrientationPortrait UIInterfaceOrientationPortraitUpsideDown UIInterfaceOrientationLandscapeLeft UIInterfaceOrientationLandscapeRight";
				INFOPLIST_KEY_UISupportedInterfaceOrientations_iPhone = "UIInterfaceOrientationPortrait UIInterfaceOrientationLandscapeLeft UIInterfaceOrientationLandscapeRight";
				IPHONEOS_DEPLOYMENT_TARGET = 13.0;
				LD_RUNPATH_SEARCH_PATHS = (
					"$(inherited)",
					"@executable_path/Frameworks",
				);
				MARKETING_VERSION = 1.0;
				PRODUCT_BUNDLE_IDENTIFIER = com.isgfb.DesafioTecnicoIOS;
				PRODUCT_NAME = "$(TARGET_NAME)";
				SWIFT_EMIT_LOC_STRINGS = YES;
				SWIFT_VERSION = 5.0;
				TARGETED_DEVICE_FAMILY = "1,2";
			};
			name = Debug;
		};
		DF7DDE672C849DA100D53A4B /* Release */ = {
			isa = XCBuildConfiguration;
			buildSettings = {
				ASSETCATALOG_COMPILER_APPICON_NAME = AppIcon;
				ASSETCATALOG_COMPILER_GLOBAL_ACCENT_COLOR_NAME = AccentColor;
				CODE_SIGN_STYLE = Automatic;
				CURRENT_PROJECT_VERSION = 1;
				DEVELOPMENT_TEAM = GRGY335XL5;
				GENERATE_INFOPLIST_FILE = YES;
				INFOPLIST_FILE = DesafioTecnicoIOS/Info.plist;
				INFOPLIST_KEY_UIApplicationSupportsIndirectInputEvents = YES;
				INFOPLIST_KEY_UILaunchStoryboardName = LaunchScreen;
				INFOPLIST_KEY_UIMainStoryboardFile = Main;
				INFOPLIST_KEY_UISupportedInterfaceOrientations_iPad = "UIInterfaceOrientationPortrait UIInterfaceOrientationPortraitUpsideDown UIInterfaceOrientationLandscapeLeft UIInterfaceOrientationLandscapeRight";
				INFOPLIST_KEY_UISupportedInterfaceOrientations_iPhone = "UIInterfaceOrientationPortrait UIInterfaceOrientationLandscapeLeft UIInterfaceOrientationLandscapeRight";
				IPHONEOS_DEPLOYMENT_TARGET = 13.0;
				LD_RUNPATH_SEARCH_PATHS = (
					"$(inherited)",
					"@executable_path/Frameworks",
				);
				MARKETING_VERSION = 1.0;
				PRODUCT_BUNDLE_IDENTIFIER = com.isgfb.DesafioTecnicoIOS;
				PRODUCT_NAME = "$(TARGET_NAME)";
				SWIFT_EMIT_LOC_STRINGS = YES;
				SWIFT_VERSION = 5.0;
				TARGETED_DEVICE_FAMILY = "1,2";
			};
			name = Release;
		};
/* End XCBuildConfiguration section */

/* Begin XCConfigurationList section */
		DF7DDE492C849D9F00D53A4B /* Build configuration list for PBXProject "DesafioTecnicoIOS" */ = {
			isa = XCConfigurationList;
			buildConfigurations = (
				DF7DDE632C849DA100D53A4B /* Debug */,
				DF7DDE642C849DA100D53A4B /* Release */,
			);
			defaultConfigurationIsVisible = 0;
			defaultConfigurationName = Release;
		};
		DF7DDE652C849DA100D53A4B /* Build configuration list for PBXNativeTarget "DesafioTecnicoIOS" */ = {
			isa = XCConfigurationList;
			buildConfigurations = (
				DF7DDE662C849DA100D53A4B /* Debug */,
				DF7DDE672C849DA100D53A4B /* Release */,
			);
			defaultConfigurationIsVisible = 0;
			defaultConfigurationName = Release;
		};
/* End XCConfigurationList section */

/* Begin XCVersionGroup section */
		DF7DDE5A2C849D9F00D53A4B /* DesafioTecnicoIOS.xcdatamodeld */ = {
			isa = XCVersionGroup;
			children = (
				DF7DDE5B2C849D9F00D53A4B /* DesafioTecnicoIOS.xcdatamodel */,
			);
			currentVersion = DF7DDE5B2C849D9F00D53A4B /* DesafioTecnicoIOS.xcdatamodel */;
			path = DesafioTecnicoIOS.xcdatamodeld;
			sourceTree = "<group>";
			versionGroupType = wrapper.xcdatamodel;
		};
/* End XCVersionGroup section */
	};
	rootObject = DF7DDE462C849D9F00D53A4B /* Project object */;
}
